<?xml version="1.0" encoding="utf-8"?>
<Project ToolsVersion="4.0" xmlns="http://schemas.microsoft.com/developer/msbuild/2003">
  <ItemGroup>
    <Filter Include="來源檔案">
      <UniqueIdentifier>{4FC737F1-C7A5-4376-A066-2A32D752A2FF}</UniqueIdentifier>
      <Extensions>cpp;c;cc;cxx;c++;cppm;ixx;def;odl;idl;hpj;bat;asm;asmx</Extensions>
    </Filter>
    <Filter Include="標頭檔">
      <UniqueIdentifier>{93995380-89BD-4b04-88EB-625FBE52EBFB}</UniqueIdentifier>
      <Extensions>h;hh;hpp;hxx;h++;hm;inl;inc;ipp;xsd</Extensions>
    </Filter>
    <Filter Include="資源檔">
      <UniqueIdentifier>{67DA6AB6-F800-4c08-8B7A-83BB121AAD01}</UniqueIdentifier>
      <Extensions>rc;ico;cur;bmp;dlg;rc2;rct;bin;rgs;gif;jpg;jpeg;jpe;resx;tiff;tif;png;wav;mfcribbon-ms</Extensions>
    </Filter>
  </ItemGroup>
  <ItemGroup>
    <ClCompile Include="NesToPcPort.cpp">
      <Filter>來源檔案</Filter>
    </ClCompile>
    <ClCompile Include="apu.cpp">
      <Filter>來源檔案</Filter>
    </ClCompile>
    <ClCompile Include="binaryUtil.cpp">
      <Filter>來源檔案</Filter>
    </ClCompile>
    <ClCompile Include="console.cpp">
      <Filter>來源檔案</Filter>
    </ClCompile>
    <ClCompile Include="controller.cpp">
      <Filter>來源檔案</Filter>
    </ClCompile>
    <ClCompile Include="game.cpp">
      <Filter>來源檔案</Filter>
    </ClCompile>
    <ClCompile Include="gameCode.cpp">
      <Filter>來源檔案</Filter>
    </ClCompile>
    <ClCompile Include="ioPort.cpp">
      <Filter>來源檔案</Filter>
    </ClCompile>
    <ClCompile Include="mapper.cpp">
      <Filter>來源檔案</Filter>
    </ClCompile>
    <ClCompile Include="mapper000.cpp">
      <Filter>來源檔案</Filter>
    </ClCompile>
    <ClCompile Include="ppu.cpp">
      <Filter>來源檔案</Filter>
    </ClCompile>
    <ClCompile Include="render.cpp">
      <Filter>來源檔案</Filter>
    </ClCompile>
    <ClCompile Include="rom.cpp">
      <Filter>來源檔案</Filter>
    </ClCompile>
    <ClCompile Include="sound.cpp">
      <Filter>來源檔案</Filter>
    </ClCompile>
    <ClCompile Include="mapper003.cpp">
      <Filter>來源檔案</Filter>
    </ClCompile>
  </ItemGroup>
  <ItemGroup>
    <ClInclude Include="apu.h">
      <Filter>標頭檔</Filter>
    </ClInclude>
    <ClInclude Include="binaryUtil.h">
      <Filter>標頭檔</Filter>
    </ClInclude>
    <ClInclude Include="console.h">
      <Filter>標頭檔</Filter>
    </ClInclude>
    <ClInclude Include="controller.h">
      <Filter>標頭檔</Filter>
    </ClInclude>
    <ClInclude Include="game.h">
      <Filter>標頭檔</Filter>
    </ClInclude>
    <ClInclude Include="ioPort.h">
      <Filter>標頭檔</Filter>
    </ClInclude>
    <ClInclude Include="mapper.h">
      <Filter>標頭檔</Filter>
    </ClInclude>
    <ClInclude Include="mapper000.h">
      <Filter>標頭檔</Filter>
    </ClInclude>
    <ClInclude Include="ppu.h">
      <Filter>標頭檔</Filter>
    </ClInclude>
    <ClInclude Include="render.h">
      <Filter>標頭檔</Filter>
    </ClInclude>
    <ClInclude Include="rom.h">
      <Filter>標頭檔</Filter>
    </ClInclude>
    <ClInclude Include="sound.h">
      <Filter>標頭檔</Filter>
    </ClInclude>
    <ClInclude Include="mapper003.h">
      <Filter>標頭檔</Filter>
    </ClInclude>
  </ItemGroup>
</Project>